
Microsoft Visual Studio Solution File, Format Version 12.00
# Visual Studio 15
VisualStudioVersion = 15.0.27130.2027
MinimumVisualStudioVersion = 10.0.40219.1
Project("{2150E333-8FDC-42A3-9474-1A3956D46DE8}") = "config-repo", "config-repo", "{CBC04407-7B9D-43E3-B417-84A82EDA7A78}"
	ProjectSection(SolutionItems) = preProject
		config-repo\application-Development.yml = config-repo\application-Development.yml
		config-repo\application.yml = config-repo\application.yml
		config-repo\fortuneService.yml = config-repo\fortuneService.yml
		config-repo\workshopui.yml = config-repo\workshopui.yml
	EndProjectSection
EndProject
Project("{2150E333-8FDC-42A3-9474-1A3956D46DE8}") = "Solution Items", "Solution Items", "{64A63130-7B13-4DE9-AB54-65610DF7C472}"
	ProjectSection(SolutionItems) = preProject
		README.md = README.md
	EndProjectSection
EndProject
Project("{9A19103F-16F7-4668-BE54-9A1E7A4F7556}") = "Exchange", "Exchange\Exchange.csproj", "{CB6B95AF-E14E-4BED-9D87-5DD4A60442DF}"
EndProject
Project("{9A19103F-16F7-4668-BE54-9A1E7A4F7556}") = "MarketDataServer", "MarketDataServer\MarketDataServer.csproj", "{113AEF61-24E6-41D0-BA52-F661E33F2979}"
EndProject
Project("{2150E333-8FDC-42A3-9474-1A3956D46DE8}") = "Services", "Services", "{D35C783F-A337-4FB4-939D-22B3E8F3D763}"
EndProject
Project("{9A19103F-16F7-4668-BE54-9A1E7A4F7556}") = "Exchange-Client", "Exchange-Client\Exchange-Client.csproj", "{1B0B975D-9AC7-4A2C-BB3F-F64EC74BCE4A}"
EndProject
Project("{2150E333-8FDC-42A3-9474-1A3956D46DE8}") = "Applications", "Applications", "{4341127A-379A-4E1F-AE0A-C5FE9DC9321F}"
EndProject
Project("{9A19103F-16F7-4668-BE54-9A1E7A4F7556}") = "OrderManager", "OrderManager\OrderManager.csproj", "{BAE18725-EB8F-4353-A831-E4519F76FA1F}"
EndProject
Global
	GlobalSection(SolutionConfigurationPlatforms) = preSolution
		Debug|Any CPU = Debug|Any CPU
		Release|Any CPU = Release|Any CPU
	EndGlobalSection
	GlobalSection(ProjectConfigurationPlatforms) = postSolution
		{CB6B95AF-E14E-4BED-9D87-5DD4A60442DF}.Debug|Any CPU.ActiveCfg = Debug|Any CPU
		{CB6B95AF-E14E-4BED-9D87-5DD4A60442DF}.Debug|Any CPU.Build.0 = Debug|Any CPU
		{CB6B95AF-E14E-4BED-9D87-5DD4A60442DF}.Release|Any CPU.ActiveCfg = Release|Any CPU
		{CB6B95AF-E14E-4BED-9D87-5DD4A60442DF}.Release|Any CPU.Build.0 = Release|Any CPU
		{113AEF61-24E6-41D0-BA52-F661E33F2979}.Debug|Any CPU.ActiveCfg = Debug|Any CPU
		{113AEF61-24E6-41D0-BA52-F661E33F2979}.Debug|Any CPU.Build.0 = Debug|Any CPU
		{113AEF61-24E6-41D0-BA52-F661E33F2979}.Release|Any CPU.ActiveCfg = Release|Any CPU
		{113AEF61-24E6-41D0-BA52-F661E33F2979}.Release|Any CPU.Build.0 = Release|Any CPU
		{1B0B975D-9AC7-4A2C-BB3F-F64EC74BCE4A}.Debug|Any CPU.ActiveCfg = Debug|Any CPU
		{1B0B975D-9AC7-4A2C-BB3F-F64EC74BCE4A}.Debug|Any CPU.Build.0 = Debug|Any CPU
		{1B0B975D-9AC7-4A2C-BB3F-F64EC74BCE4A}.Release|Any CPU.ActiveCfg = Release|Any CPU
		{1B0B975D-9AC7-4A2C-BB3F-F64EC74BCE4A}.Release|Any CPU.Build.0 = Release|Any CPU
		{BAE18725-EB8F-4353-A831-E4519F76FA1F}.Debug|Any CPU.ActiveCfg = Debug|Any CPU
		{BAE18725-EB8F-4353-A831-E4519F76FA1F}.Debug|Any CPU.Build.0 = Debug|Any CPU
		{BAE18725-EB8F-4353-A831-E4519F76FA1F}.Release|Any CPU.ActiveCfg = Release|Any CPU
		{BAE18725-EB8F-4353-A831-E4519F76FA1F}.Release|Any CPU.Build.0 = Release|Any CPU
	EndGlobalSection
	GlobalSection(SolutionProperties) = preSolution
		HideSolutionNode = FALSE
	EndGlobalSection
	GlobalSection(NestedProjects) = preSolution
		{CB6B95AF-E14E-4BED-9D87-5DD4A60442DF} = {D35C783F-A337-4FB4-939D-22B3E8F3D763}
		{113AEF61-24E6-41D0-BA52-F661E33F2979} = {D35C783F-A337-4FB4-939D-22B3E8F3D763}
		{1B0B975D-9AC7-4A2C-BB3F-F64EC74BCE4A} = {4341127A-379A-4E1F-AE0A-C5FE9DC9321F}
		{BAE18725-EB8F-4353-A831-E4519F76FA1F} = {D35C783F-A337-4FB4-939D-22B3E8F3D763}
	EndGlobalSection
	GlobalSection(ExtensibilityGlobals) = postSolution
		SolutionGuid = {FA8851C4-8497-4082-8285-61E762CCB310}
	EndGlobalSection
EndGlobal
